
Microsoft Visual Studio Solution File, Format Version 12.00
# Visual Studio Version 17
VisualStudioVersion = 17.9.34622.214
MinimumVisualStudioVersion = 10.0.40219.1
Project("{FAE04EC0-301F-11D3-BF4B-00C04F79EFBC}") = "PROJEKAT", "PROJEKAT\PROJEKAT.csproj", "{265501DB-D046-4034-AFA1-8AD21F885162}"
EndProject
Global
	GlobalSection(SolutionConfigurationPlatforms) = preSolution
		Debug|Any CPU = Debug|Any CPU
		Release|Any CPU = Release|Any CPU
	EndGlobalSection
	GlobalSection(ProjectConfigurationPlatforms) = postSolution
		{265501DB-D046-4034-AFA1-8AD21F885162}.Debug|Any CPU.ActiveCfg = Debug|Any CPU
		{265501DB-D046-4034-AFA1-8AD21F885162}.Debug|Any CPU.Build.0 = Debug|Any CPU
		{265501DB-D046-4034-AFA1-8AD21F885162}.Release|Any CPU.ActiveCfg = Release|Any CPU
		{265501DB-D046-4034-AFA1-8AD21F885162}.Release|Any CPU.Build.0 = Release|Any CPU
	EndGlobalSection
	GlobalSection(SolutionProperties) = preSolution
		HideSolutionNode = FALSE
	EndGlobalSection
	GlobalSection(ExtensibilityGlobals) = postSolution
		SolutionGuid = {524CD712-CD92-4B60-AA51-EC9EFFBD3C9B}
	EndGlobalSection
EndGlobal
